
Microsoft Visual Studio Solution File, Format Version 12.00
# Visual Studio 15
VisualStudioVersion = 15.0.28010.2046
MinimumVisualStudioVersion = 10.0.40219.1
Project("{FAE04EC0-301F-11D3-BF4B-00C04F79EFBC}") = "ProjeOdevi", "WindowsFormsApp1\ProjeOdevi.csproj", "{49A95829-7165-4AE1-B069-2283B71DB162}"
EndProject
Global
	GlobalSection(SolutionConfigurationPlatforms) = preSolution
		Debug|Any CPU = Debug|Any CPU
		Release|Any CPU = Release|Any CPU
	EndGlobalSection
	GlobalSection(ProjectConfigurationPlatforms) = postSolution
		{49A95829-7165-4AE1-B069-2283B71DB162}.Debug|Any CPU.ActiveCfg = Debug|Any CPU
		{49A95829-7165-4AE1-B069-2283B71DB162}.Debug|Any CPU.Build.0 = Debug|Any CPU
		{49A95829-7165-4AE1-B069-2283B71DB162}.Release|Any CPU.ActiveCfg = Release|Any CPU
		{49A95829-7165-4AE1-B069-2283B71DB162}.Release|Any CPU.Build.0 = Release|Any CPU
	EndGlobalSection
	GlobalSection(SolutionProperties) = preSolution
		HideSolutionNode = FALSE
	EndGlobalSection
	GlobalSection(ExtensibilityGlobals) = postSolution
		SolutionGuid = {C67E8002-A33C-4E27-9A45-3230BB8EE754}
	EndGlobalSection
EndGlobal
